
Microsoft Visual Studio Solution File, Format Version 12.00
# Visual Studio Version 16
VisualStudioVersion = 16.0.28803.156
MinimumVisualStudioVersion = 10.0.40219.1
Project("{9A19103F-16F7-4668-BE54-9A1E7A4F7556}") = "ThreadingTest", "ThreadingTest\ThreadingTest.csproj", "{E3029566-4461-43DD-8C89-2188E7AA4C4C}"
EndProject
Project("{9A19103F-16F7-4668-BE54-9A1E7A4F7556}") = "ThreadTest2", "ThreadTest2\ThreadTest2.csproj", "{B4F9523D-EC74-4799-8677-60214CD288F9}"
EndProject
Project("{9A19103F-16F7-4668-BE54-9A1E7A4F7556}") = "ThreadTest3", "ThreadTest3\ThreadTest3.csproj", "{1AF246C4-EE01-4B4A-921E-F9294670174B}"
EndProject
Project("{9A19103F-16F7-4668-BE54-9A1E7A4F7556}") = "ThreadTest4", "ThreadTest4\ThreadTest4.csproj", "{BB447609-23E9-40BF-BE30-6F3A69B6FD36}"
EndProject
Project("{9A19103F-16F7-4668-BE54-9A1E7A4F7556}") = "ThreadTest5", "ThreadTest5\ThreadTest5.csproj", "{ABED0A38-3E44-4EDF-8386-A904022B60DB}"
EndProject
Project("{9A19103F-16F7-4668-BE54-9A1E7A4F7556}") = "ThreadSafe", "ThreadSafe\ThreadSafe.csproj", "{B524CA97-0335-4103-8FA5-D521390AFB81}"
EndProject
Project("{9A19103F-16F7-4668-BE54-9A1E7A4F7556}") = "ThreadTest6", "ThreadTest6\ThreadTest6.csproj", "{E6C41DC0-E1AB-467E-9A17-0D6FEFC6600B}"
EndProject
Project("{9A19103F-16F7-4668-BE54-9A1E7A4F7556}") = "ThreadTest7", "ThreadTest7\ThreadTest7.csproj", "{95491668-9BE5-4AEA-A3F0-5F01A98416BA}"
EndProject
Project("{9A19103F-16F7-4668-BE54-9A1E7A4F7556}") = "ThreadTest8", "ThreadTest8\ThreadTest8.csproj", "{F88B5243-9CD8-45E0-B52A-7F019B7D4AFD}"
EndProject
Project("{9A19103F-16F7-4668-BE54-9A1E7A4F7556}") = "ThreadTest9", "ThreadTest9\ThreadTest9.csproj", "{31F2BDBC-8882-46CF-A183-19B6DAED3BC4}"
EndProject
Project("{9A19103F-16F7-4668-BE54-9A1E7A4F7556}") = "ThreadTest10", "ThreadTest10\ThreadTest10.csproj", "{6F4E9D05-5B0E-4E3E-ABA6-69419EC64F23}"
EndProject
Project("{9A19103F-16F7-4668-BE54-9A1E7A4F7556}") = "ThreadTest11", "ThreadTest11\ThreadTest11.csproj", "{8B45595A-ACC7-4C31-9D11-AB47EB378990}"
EndProject
Project("{9A19103F-16F7-4668-BE54-9A1E7A4F7556}") = "ThreadTest12", "ThreadTest12\ThreadTest12.csproj", "{5C289B7E-B440-4E08-967F-C6F5D1034982}"
EndProject
Project("{9A19103F-16F7-4668-BE54-9A1E7A4F7556}") = "ThreadTest13", "ThreadTest13\ThreadTest13.csproj", "{0E2FB8E1-51AA-4B73-BD94-6D90F6BAE2FC}"
EndProject
Project("{9A19103F-16F7-4668-BE54-9A1E7A4F7556}") = "ThreadTest14", "ThreadTest14\ThreadTest14.csproj", "{7921477D-8A5E-4DD7-AE4F-35CD4647319F}"
EndProject
Project("{9A19103F-16F7-4668-BE54-9A1E7A4F7556}") = "ThreadTest15", "ThreadTest15\ThreadTest15.csproj", "{B6CF1F85-075B-4720-B6EE-93433C28715F}"
EndProject
Project("{9A19103F-16F7-4668-BE54-9A1E7A4F7556}") = "ThreadTest16", "ThreadTest16\ThreadTest16.csproj", "{69D23883-7F4A-40D8-A274-88B34F2007ED}"
EndProject
Project("{9A19103F-16F7-4668-BE54-9A1E7A4F7556}") = "ThreadTest17", "ThreadTest17\ThreadTest17.csproj", "{D7CDD4BA-69BC-4B21-A276-296240241F7C}"
EndProject
Project("{9A19103F-16F7-4668-BE54-9A1E7A4F7556}") = "ThreadTest18", "ThreadTest18\ThreadTest18.csproj", "{86EDCC25-7278-4EEF-A044-48641E188A78}"
EndProject
Project("{9A19103F-16F7-4668-BE54-9A1E7A4F7556}") = "ThreadTest19", "ThreadTest19\ThreadTest19.csproj", "{F2065D0E-EBCD-41AE-A573-D45DDBF1B691}"
EndProject
Project("{FAE04EC0-301F-11D3-BF4B-00C04F79EFBC}") = "ThreadTest20", "ThreadTest20\ThreadTest20.csproj", "{2872CA66-8ACC-45DB-BDAB-AF514AD20E33}"
EndProject
Project("{FAE04EC0-301F-11D3-BF4B-00C04F79EFBC}") = "ThreadTest21", "ThreadTest21\ThreadTest21.csproj", "{D07E69B9-8E57-4CF6-B9A4-FF41F7916E79}"
EndProject
Project("{FAE04EC0-301F-11D3-BF4B-00C04F79EFBC}") = "ThreadTest22", "ThreadTest22\ThreadTest22.csproj", "{003E4DA0-2D20-4634-8D60-24CC0615D773}"
EndProject
Project("{FAE04EC0-301F-11D3-BF4B-00C04F79EFBC}") = "ThreadTest23", "ThreadTest23\ThreadTest23.csproj", "{81A0F13D-C533-45FD-AB5D-C50EC79C7381}"
EndProject
Project("{FAE04EC0-301F-11D3-BF4B-00C04F79EFBC}") = "ThreadTest24", "ThreadTest24\ThreadTest24.csproj", "{D4C1B0F4-36C8-4DD7-94AB-B529A5E121C7}"
EndProject
Project("{FAE04EC0-301F-11D3-BF4B-00C04F79EFBC}") = "ThreadTest25", "ThreadTest25\ThreadTest25.csproj", "{6082595E-62CB-40CD-823C-4EDCE4FE430B}"
EndProject
Project("{FAE04EC0-301F-11D3-BF4B-00C04F79EFBC}") = "postGreSqlTest", "postGreSqlTest\postGreSqlTest.csproj", "{0B7D224E-027B-4ED5-BBFA-3968D275645B}"
EndProject
Project("{FAE04EC0-301F-11D3-BF4B-00C04F79EFBC}") = "audioEdit", "audioEdit\audioEdit.csproj", "{ED1BE232-8EF8-4EE8-80B2-9DC5A75A4CD3}"
EndProject
Project("{FAE04EC0-301F-11D3-BF4B-00C04F79EFBC}") = "ListFirst", "ListFirst\ListFirst.csproj", "{A3BFFE96-9A0A-48F9-9273-133BD6F7DEB1}"
EndProject
Project("{FAE04EC0-301F-11D3-BF4B-00C04F79EFBC}") = "ThreadTest26", "ThreadTest26\ThreadTest26.csproj", "{31295CDC-56E3-492F-8ECB-35D6078C94C3}"
EndProject
Project("{FAE04EC0-301F-11D3-BF4B-00C04F79EFBC}") = "ThreadTest27", "ThreadTest27\ThreadTest27.csproj", "{7CAE987D-B278-4DF2-B592-21974213BDA2}"
EndProject
Project("{FAE04EC0-301F-11D3-BF4B-00C04F79EFBC}") = "ThreadTest28", "ThreadTest28\ThreadTest28.csproj", "{08B88CA5-CCDB-4E67-AAA3-21AB1D788575}"
EndProject
Project("{FAE04EC0-301F-11D3-BF4B-00C04F79EFBC}") = "ThreadTest29", "ThreadTest29\ThreadTest29.csproj", "{5A5A3942-2A33-419C-A2BC-7319FB93571D}"
EndProject
Project("{FAE04EC0-301F-11D3-BF4B-00C04F79EFBC}") = "ThreadTest30", "ThreadTest30\ThreadTest30.csproj", "{4A274E28-E791-49E5-93FC-BEAE81BBB489}"
EndProject
Project("{FAE04EC0-301F-11D3-BF4B-00C04F79EFBC}") = "ThreadTest31", "ThreadTest31\ThreadTest31.csproj", "{8741277C-80F1-4761-941F-5490DA03A3B9}"
EndProject
Project("{9A19103F-16F7-4668-BE54-9A1E7A4F7556}") = "DITest", "DITest\DITest.csproj", "{45E8FC23-3E8A-44B0-84A9-F89D05116B3F}"
EndProject
Project("{9A19103F-16F7-4668-BE54-9A1E7A4F7556}") = "PostGreSqlTestCore", "PostGreSqlTestCore\PostGreSqlTestCore.csproj", "{2735233C-CA3E-4068-8270-1AF9FA6BA6BB}"
EndProject
Project("{FAE04EC0-301F-11D3-BF4B-00C04F79EFBC}") = "WLIMSGen", "WLIMSGen\WLIMSGen.csproj", "{A8EC5894-73B4-4D5F-8715-7C05DE740D85}"
EndProject
Project("{FAE04EC0-301F-11D3-BF4B-00C04F79EFBC}") = "除法测试", "除法测试\除法测试.csproj", "{F700D3C4-A7A1-4A5B-9F50-CD0FF86CCC5C}"
EndProject
Project("{FAE04EC0-301F-11D3-BF4B-00C04F79EFBC}") = "ThreadTest32", "ThreadTest32\ThreadTest32.csproj", "{1A542197-52EF-45F6-B004-AD9399EA0DE1}"
EndProject
Project("{FAE04EC0-301F-11D3-BF4B-00C04F79EFBC}") = "ThreadTest33", "ThreadTest33\ThreadTest33.csproj", "{DFFF0114-4C8E-49BF-B20B-8DCCD8D45E8B}"
EndProject
Project("{FAE04EC0-301F-11D3-BF4B-00C04F79EFBC}") = "ThreadTest34", "ThreadTest34\ThreadTest34.csproj", "{4A7B450E-96C5-4755-9157-CE25DE230608}"
EndProject
Project("{FAE04EC0-301F-11D3-BF4B-00C04F79EFBC}") = "ThreadTest35", "ThreadTest35\ThreadTest35.csproj", "{8EBD73BB-8A15-407C-A244-ED20E86331C2}"
EndProject
Project("{FAE04EC0-301F-11D3-BF4B-00C04F79EFBC}") = "ThreadTest36", "ThreadTest36\ThreadTest36.csproj", "{A18AFE44-8B3C-4F32-8075-D94F91C7C72E}"
EndProject
Project("{FAE04EC0-301F-11D3-BF4B-00C04F79EFBC}") = "ThreadTest37", "ThreadTest37\ThreadTest37.csproj", "{A0BF444A-3E53-4D39-A8ED-75BC52EE853C}"
EndProject
Project("{FAE04EC0-301F-11D3-BF4B-00C04F79EFBC}") = "ThreadTest38", "ThreadTest38\ThreadTest38.csproj", "{1F13485B-73CC-489A-9F5C-ECC2BED65E1A}"
EndProject
Project("{FAE04EC0-301F-11D3-BF4B-00C04F79EFBC}") = "ThreadTest39", "ThreadTest39\ThreadTest39.csproj", "{03A92AC5-8834-4919-B510-9241E48EFFBA}"
EndProject
Project("{FAE04EC0-301F-11D3-BF4B-00C04F79EFBC}") = "ThreadTest40", "ThreadTest40\ThreadTest40.csproj", "{BDD71709-114B-40EB-8660-8EE65B822AE5}"
EndProject
Project("{FAE04EC0-301F-11D3-BF4B-00C04F79EFBC}") = "ThreadTest41", "ThreadTest41\ThreadTest41.csproj", "{315CCE41-35F9-4C2A-96AE-463F47B2DE83}"
EndProject
Project("{FAE04EC0-301F-11D3-BF4B-00C04F79EFBC}") = "ThreadTest42", "ThreadTest42\ThreadTest42.csproj", "{73FDF426-A7D5-44B8-B7ED-467753164B28}"
EndProject
Project("{FAE04EC0-301F-11D3-BF4B-00C04F79EFBC}") = "ThreadTest43", "ThreadTest43\ThreadTest43.csproj", "{F9773967-32AC-461D-BBA2-80817E6318AA}"
EndProject
Project("{FAE04EC0-301F-11D3-BF4B-00C04F79EFBC}") = "ThreadTest44", "ThreadTest44\ThreadTest44.csproj", "{A35D98E1-C5A3-40EC-8132-96CA728BB599}"
EndProject
Project("{FAE04EC0-301F-11D3-BF4B-00C04F79EFBC}") = "ThreadTest45", "ThreadTest45\ThreadTest45.csproj", "{53896DFC-6852-49C0-BE82-B7F94EDF0E6F}"
EndProject
Global
	GlobalSection(SolutionConfigurationPlatforms) = preSolution
		Debug|Any CPU = Debug|Any CPU
		Release|Any CPU = Release|Any CPU
	EndGlobalSection
	GlobalSection(ProjectConfigurationPlatforms) = postSolution
		{E3029566-4461-43DD-8C89-2188E7AA4C4C}.Debug|Any CPU.ActiveCfg = Debug|Any CPU
		{E3029566-4461-43DD-8C89-2188E7AA4C4C}.Debug|Any CPU.Build.0 = Debug|Any CPU
		{E3029566-4461-43DD-8C89-2188E7AA4C4C}.Release|Any CPU.ActiveCfg = Release|Any CPU
		{E3029566-4461-43DD-8C89-2188E7AA4C4C}.Release|Any CPU.Build.0 = Release|Any CPU
		{B4F9523D-EC74-4799-8677-60214CD288F9}.Debug|Any CPU.ActiveCfg = Debug|Any CPU
		{B4F9523D-EC74-4799-8677-60214CD288F9}.Debug|Any CPU.Build.0 = Debug|Any CPU
		{B4F9523D-EC74-4799-8677-60214CD288F9}.Release|Any CPU.ActiveCfg = Release|Any CPU
		{B4F9523D-EC74-4799-8677-60214CD288F9}.Release|Any CPU.Build.0 = Release|Any CPU
		{1AF246C4-EE01-4B4A-921E-F9294670174B}.Debug|Any CPU.ActiveCfg = Debug|Any CPU
		{1AF246C4-EE01-4B4A-921E-F9294670174B}.Debug|Any CPU.Build.0 = Debug|Any CPU
		{1AF246C4-EE01-4B4A-921E-F9294670174B}.Release|Any CPU.ActiveCfg = Release|Any CPU
		{1AF246C4-EE01-4B4A-921E-F9294670174B}.Release|Any CPU.Build.0 = Release|Any CPU
		{BB447609-23E9-40BF-BE30-6F3A69B6FD36}.Debug|Any CPU.ActiveCfg = Debug|Any CPU
		{BB447609-23E9-40BF-BE30-6F3A69B6FD36}.Debug|Any CPU.Build.0 = Debug|Any CPU
		{BB447609-23E9-40BF-BE30-6F3A69B6FD36}.Release|Any CPU.ActiveCfg = Release|Any CPU
		{BB447609-23E9-40BF-BE30-6F3A69B6FD36}.Release|Any CPU.Build.0 = Release|Any CPU
		{ABED0A38-3E44-4EDF-8386-A904022B60DB}.Debug|Any CPU.ActiveCfg = Debug|Any CPU
		{ABED0A38-3E44-4EDF-8386-A904022B60DB}.Debug|Any CPU.Build.0 = Debug|Any CPU
		{ABED0A38-3E44-4EDF-8386-A904022B60DB}.Release|Any CPU.ActiveCfg = Release|Any CPU
		{ABED0A38-3E44-4EDF-8386-A904022B60DB}.Release|Any CPU.Build.0 = Release|Any CPU
		{B524CA97-0335-4103-8FA5-D521390AFB81}.Debug|Any CPU.ActiveCfg = Debug|Any CPU
		{B524CA97-0335-4103-8FA5-D521390AFB81}.Debug|Any CPU.Build.0 = Debug|Any CPU
		{B524CA97-0335-4103-8FA5-D521390AFB81}.Release|Any CPU.ActiveCfg = Release|Any CPU
		{B524CA97-0335-4103-8FA5-D521390AFB81}.Release|Any CPU.Build.0 = Release|Any CPU
		{E6C41DC0-E1AB-467E-9A17-0D6FEFC6600B}.Debug|Any CPU.ActiveCfg = Debug|Any CPU
		{E6C41DC0-E1AB-467E-9A17-0D6FEFC6600B}.Debug|Any CPU.Build.0 = Debug|Any CPU
		{E6C41DC0-E1AB-467E-9A17-0D6FEFC6600B}.Release|Any CPU.ActiveCfg = Release|Any CPU
		{E6C41DC0-E1AB-467E-9A17-0D6FEFC6600B}.Release|Any CPU.Build.0 = Release|Any CPU
		{95491668-9BE5-4AEA-A3F0-5F01A98416BA}.Debug|Any CPU.ActiveCfg = Debug|Any CPU
		{95491668-9BE5-4AEA-A3F0-5F01A98416BA}.Debug|Any CPU.Build.0 = Debug|Any CPU
		{95491668-9BE5-4AEA-A3F0-5F01A98416BA}.Release|Any CPU.ActiveCfg = Release|Any CPU
		{95491668-9BE5-4AEA-A3F0-5F01A98416BA}.Release|Any CPU.Build.0 = Release|Any CPU
		{F88B5243-9CD8-45E0-B52A-7F019B7D4AFD}.Debug|Any CPU.ActiveCfg = Debug|Any CPU
		{F88B5243-9CD8-45E0-B52A-7F019B7D4AFD}.Debug|Any CPU.Build.0 = Debug|Any CPU
		{F88B5243-9CD8-45E0-B52A-7F019B7D4AFD}.Release|Any CPU.ActiveCfg = Release|Any CPU
		{F88B5243-9CD8-45E0-B52A-7F019B7D4AFD}.Release|Any CPU.Build.0 = Release|Any CPU
		{31F2BDBC-8882-46CF-A183-19B6DAED3BC4}.Debug|Any CPU.ActiveCfg = Debug|Any CPU
		{31F2BDBC-8882-46CF-A183-19B6DAED3BC4}.Debug|Any CPU.Build.0 = Debug|Any CPU
		{31F2BDBC-8882-46CF-A183-19B6DAED3BC4}.Release|Any CPU.ActiveCfg = Release|Any CPU
		{31F2BDBC-8882-46CF-A183-19B6DAED3BC4}.Release|Any CPU.Build.0 = Release|Any CPU
		{6F4E9D05-5B0E-4E3E-ABA6-69419EC64F23}.Debug|Any CPU.ActiveCfg = Debug|Any CPU
		{6F4E9D05-5B0E-4E3E-ABA6-69419EC64F23}.Debug|Any CPU.Build.0 = Debug|Any CPU
		{6F4E9D05-5B0E-4E3E-ABA6-69419EC64F23}.Release|Any CPU.ActiveCfg = Release|Any CPU
		{6F4E9D05-5B0E-4E3E-ABA6-69419EC64F23}.Release|Any CPU.Build.0 = Release|Any CPU
		{8B45595A-ACC7-4C31-9D11-AB47EB378990}.Debug|Any CPU.ActiveCfg = Debug|Any CPU
		{8B45595A-ACC7-4C31-9D11-AB47EB378990}.Debug|Any CPU.Build.0 = Debug|Any CPU
		{8B45595A-ACC7-4C31-9D11-AB47EB378990}.Release|Any CPU.ActiveCfg = Release|Any CPU
		{8B45595A-ACC7-4C31-9D11-AB47EB378990}.Release|Any CPU.Build.0 = Release|Any CPU
		{5C289B7E-B440-4E08-967F-C6F5D1034982}.Debug|Any CPU.ActiveCfg = Debug|Any CPU
		{5C289B7E-B440-4E08-967F-C6F5D1034982}.Debug|Any CPU.Build.0 = Debug|Any CPU
		{5C289B7E-B440-4E08-967F-C6F5D1034982}.Release|Any CPU.ActiveCfg = Release|Any CPU
		{5C289B7E-B440-4E08-967F-C6F5D1034982}.Release|Any CPU.Build.0 = Release|Any CPU
		{0E2FB8E1-51AA-4B73-BD94-6D90F6BAE2FC}.Debug|Any CPU.ActiveCfg = Debug|Any CPU
		{0E2FB8E1-51AA-4B73-BD94-6D90F6BAE2FC}.Debug|Any CPU.Build.0 = Debug|Any CPU
		{0E2FB8E1-51AA-4B73-BD94-6D90F6BAE2FC}.Release|Any CPU.ActiveCfg = Release|Any CPU
		{0E2FB8E1-51AA-4B73-BD94-6D90F6BAE2FC}.Release|Any CPU.Build.0 = Release|Any CPU
		{7921477D-8A5E-4DD7-AE4F-35CD4647319F}.Debug|Any CPU.ActiveCfg = Debug|Any CPU
		{7921477D-8A5E-4DD7-AE4F-35CD4647319F}.Debug|Any CPU.Build.0 = Debug|Any CPU
		{7921477D-8A5E-4DD7-AE4F-35CD4647319F}.Release|Any CPU.ActiveCfg = Release|Any CPU
		{7921477D-8A5E-4DD7-AE4F-35CD4647319F}.Release|Any CPU.Build.0 = Release|Any CPU
		{B6CF1F85-075B-4720-B6EE-93433C28715F}.Debug|Any CPU.ActiveCfg = Debug|Any CPU
		{B6CF1F85-075B-4720-B6EE-93433C28715F}.Debug|Any CPU.Build.0 = Debug|Any CPU
		{B6CF1F85-075B-4720-B6EE-93433C28715F}.Release|Any CPU.ActiveCfg = Release|Any CPU
		{B6CF1F85-075B-4720-B6EE-93433C28715F}.Release|Any CPU.Build.0 = Release|Any CPU
		{69D23883-7F4A-40D8-A274-88B34F2007ED}.Debug|Any CPU.ActiveCfg = Debug|Any CPU
		{69D23883-7F4A-40D8-A274-88B34F2007ED}.Debug|Any CPU.Build.0 = Debug|Any CPU
		{69D23883-7F4A-40D8-A274-88B34F2007ED}.Release|Any CPU.ActiveCfg = Release|Any CPU
		{69D23883-7F4A-40D8-A274-88B34F2007ED}.Release|Any CPU.Build.0 = Release|Any CPU
		{D7CDD4BA-69BC-4B21-A276-296240241F7C}.Debug|Any CPU.ActiveCfg = Debug|Any CPU
		{D7CDD4BA-69BC-4B21-A276-296240241F7C}.Debug|Any CPU.Build.0 = Debug|Any CPU
		{D7CDD4BA-69BC-4B21-A276-296240241F7C}.Release|Any CPU.ActiveCfg = Release|Any CPU
		{D7CDD4BA-69BC-4B21-A276-296240241F7C}.Release|Any CPU.Build.0 = Release|Any CPU
		{86EDCC25-7278-4EEF-A044-48641E188A78}.Debug|Any CPU.ActiveCfg = Debug|Any CPU
		{86EDCC25-7278-4EEF-A044-48641E188A78}.Debug|Any CPU.Build.0 = Debug|Any CPU
		{86EDCC25-7278-4EEF-A044-48641E188A78}.Release|Any CPU.ActiveCfg = Release|Any CPU
		{86EDCC25-7278-4EEF-A044-48641E188A78}.Release|Any CPU.Build.0 = Release|Any CPU
		{F2065D0E-EBCD-41AE-A573-D45DDBF1B691}.Debug|Any CPU.ActiveCfg = Debug|Any CPU
		{F2065D0E-EBCD-41AE-A573-D45DDBF1B691}.Debug|Any CPU.Build.0 = Debug|Any CPU
		{F2065D0E-EBCD-41AE-A573-D45DDBF1B691}.Release|Any CPU.ActiveCfg = Release|Any CPU
		{F2065D0E-EBCD-41AE-A573-D45DDBF1B691}.Release|Any CPU.Build.0 = Release|Any CPU
		{2872CA66-8ACC-45DB-BDAB-AF514AD20E33}.Debug|Any CPU.ActiveCfg = Debug|Any CPU
		{2872CA66-8ACC-45DB-BDAB-AF514AD20E33}.Debug|Any CPU.Build.0 = Debug|Any CPU
		{2872CA66-8ACC-45DB-BDAB-AF514AD20E33}.Release|Any CPU.ActiveCfg = Release|Any CPU
		{2872CA66-8ACC-45DB-BDAB-AF514AD20E33}.Release|Any CPU.Build.0 = Release|Any CPU
		{D07E69B9-8E57-4CF6-B9A4-FF41F7916E79}.Debug|Any CPU.ActiveCfg = Debug|Any CPU
		{D07E69B9-8E57-4CF6-B9A4-FF41F7916E79}.Debug|Any CPU.Build.0 = Debug|Any CPU
		{D07E69B9-8E57-4CF6-B9A4-FF41F7916E79}.Release|Any CPU.ActiveCfg = Release|Any CPU
		{D07E69B9-8E57-4CF6-B9A4-FF41F7916E79}.Release|Any CPU.Build.0 = Release|Any CPU
		{003E4DA0-2D20-4634-8D60-24CC0615D773}.Debug|Any CPU.ActiveCfg = Debug|Any CPU
		{003E4DA0-2D20-4634-8D60-24CC0615D773}.Debug|Any CPU.Build.0 = Debug|Any CPU
		{003E4DA0-2D20-4634-8D60-24CC0615D773}.Release|Any CPU.ActiveCfg = Release|Any CPU
		{003E4DA0-2D20-4634-8D60-24CC0615D773}.Release|Any CPU.Build.0 = Release|Any CPU
		{81A0F13D-C533-45FD-AB5D-C50EC79C7381}.Debug|Any CPU.ActiveCfg = Debug|Any CPU
		{81A0F13D-C533-45FD-AB5D-C50EC79C7381}.Debug|Any CPU.Build.0 = Debug|Any CPU
		{81A0F13D-C533-45FD-AB5D-C50EC79C7381}.Release|Any CPU.ActiveCfg = Release|Any CPU
		{81A0F13D-C533-45FD-AB5D-C50EC79C7381}.Release|Any CPU.Build.0 = Release|Any CPU
		{D4C1B0F4-36C8-4DD7-94AB-B529A5E121C7}.Debug|Any CPU.ActiveCfg = Debug|Any CPU
		{D4C1B0F4-36C8-4DD7-94AB-B529A5E121C7}.Debug|Any CPU.Build.0 = Debug|Any CPU
		{D4C1B0F4-36C8-4DD7-94AB-B529A5E121C7}.Release|Any CPU.ActiveCfg = Release|Any CPU
		{D4C1B0F4-36C8-4DD7-94AB-B529A5E121C7}.Release|Any CPU.Build.0 = Release|Any CPU
		{6082595E-62CB-40CD-823C-4EDCE4FE430B}.Debug|Any CPU.ActiveCfg = Debug|Any CPU
		{6082595E-62CB-40CD-823C-4EDCE4FE430B}.Debug|Any CPU.Build.0 = Debug|Any CPU
		{6082595E-62CB-40CD-823C-4EDCE4FE430B}.Release|Any CPU.ActiveCfg = Release|Any CPU
		{6082595E-62CB-40CD-823C-4EDCE4FE430B}.Release|Any CPU.Build.0 = Release|Any CPU
		{0B7D224E-027B-4ED5-BBFA-3968D275645B}.Debug|Any CPU.ActiveCfg = Debug|Any CPU
		{0B7D224E-027B-4ED5-BBFA-3968D275645B}.Debug|Any CPU.Build.0 = Debug|Any CPU
		{0B7D224E-027B-4ED5-BBFA-3968D275645B}.Release|Any CPU.ActiveCfg = Release|Any CPU
		{0B7D224E-027B-4ED5-BBFA-3968D275645B}.Release|Any CPU.Build.0 = Release|Any CPU
		{ED1BE232-8EF8-4EE8-80B2-9DC5A75A4CD3}.Debug|Any CPU.ActiveCfg = Debug|Any CPU
		{ED1BE232-8EF8-4EE8-80B2-9DC5A75A4CD3}.Debug|Any CPU.Build.0 = Debug|Any CPU
		{ED1BE232-8EF8-4EE8-80B2-9DC5A75A4CD3}.Release|Any CPU.ActiveCfg = Release|Any CPU
		{ED1BE232-8EF8-4EE8-80B2-9DC5A75A4CD3}.Release|Any CPU.Build.0 = Release|Any CPU
		{A3BFFE96-9A0A-48F9-9273-133BD6F7DEB1}.Debug|Any CPU.ActiveCfg = Debug|Any CPU
		{A3BFFE96-9A0A-48F9-9273-133BD6F7DEB1}.Debug|Any CPU.Build.0 = Debug|Any CPU
		{A3BFFE96-9A0A-48F9-9273-133BD6F7DEB1}.Release|Any CPU.ActiveCfg = Release|Any CPU
		{A3BFFE96-9A0A-48F9-9273-133BD6F7DEB1}.Release|Any CPU.Build.0 = Release|Any CPU
		{31295CDC-56E3-492F-8ECB-35D6078C94C3}.Debug|Any CPU.ActiveCfg = Debug|Any CPU
		{31295CDC-56E3-492F-8ECB-35D6078C94C3}.Debug|Any CPU.Build.0 = Debug|Any CPU
		{31295CDC-56E3-492F-8ECB-35D6078C94C3}.Release|Any CPU.ActiveCfg = Release|Any CPU
		{31295CDC-56E3-492F-8ECB-35D6078C94C3}.Release|Any CPU.Build.0 = Release|Any CPU
		{7CAE987D-B278-4DF2-B592-21974213BDA2}.Debug|Any CPU.ActiveCfg = Debug|Any CPU
		{7CAE987D-B278-4DF2-B592-21974213BDA2}.Debug|Any CPU.Build.0 = Debug|Any CPU
		{7CAE987D-B278-4DF2-B592-21974213BDA2}.Release|Any CPU.ActiveCfg = Release|Any CPU
		{7CAE987D-B278-4DF2-B592-21974213BDA2}.Release|Any CPU.Build.0 = Release|Any CPU
		{08B88CA5-CCDB-4E67-AAA3-21AB1D788575}.Debug|Any CPU.ActiveCfg = Debug|Any CPU
		{08B88CA5-CCDB-4E67-AAA3-21AB1D788575}.Debug|Any CPU.Build.0 = Debug|Any CPU
		{08B88CA5-CCDB-4E67-AAA3-21AB1D788575}.Release|Any CPU.ActiveCfg = Release|Any CPU
		{08B88CA5-CCDB-4E67-AAA3-21AB1D788575}.Release|Any CPU.Build.0 = Release|Any CPU
		{5A5A3942-2A33-419C-A2BC-7319FB93571D}.Debug|Any CPU.ActiveCfg = Debug|Any CPU
		{5A5A3942-2A33-419C-A2BC-7319FB93571D}.Debug|Any CPU.Build.0 = Debug|Any CPU
		{5A5A3942-2A33-419C-A2BC-7319FB93571D}.Release|Any CPU.ActiveCfg = Release|Any CPU
		{5A5A3942-2A33-419C-A2BC-7319FB93571D}.Release|Any CPU.Build.0 = Release|Any CPU
		{4A274E28-E791-49E5-93FC-BEAE81BBB489}.Debug|Any CPU.ActiveCfg = Debug|Any CPU
		{4A274E28-E791-49E5-93FC-BEAE81BBB489}.Debug|Any CPU.Build.0 = Debug|Any CPU
		{4A274E28-E791-49E5-93FC-BEAE81BBB489}.Release|Any CPU.ActiveCfg = Release|Any CPU
		{4A274E28-E791-49E5-93FC-BEAE81BBB489}.Release|Any CPU.Build.0 = Release|Any CPU
		{8741277C-80F1-4761-941F-5490DA03A3B9}.Debug|Any CPU.ActiveCfg = Debug|Any CPU
		{8741277C-80F1-4761-941F-5490DA03A3B9}.Debug|Any CPU.Build.0 = Debug|Any CPU
		{8741277C-80F1-4761-941F-5490DA03A3B9}.Release|Any CPU.ActiveCfg = Release|Any CPU
		{8741277C-80F1-4761-941F-5490DA03A3B9}.Release|Any CPU.Build.0 = Release|Any CPU
		{45E8FC23-3E8A-44B0-84A9-F89D05116B3F}.Debug|Any CPU.ActiveCfg = Debug|Any CPU
		{45E8FC23-3E8A-44B0-84A9-F89D05116B3F}.Debug|Any CPU.Build.0 = Debug|Any CPU
		{45E8FC23-3E8A-44B0-84A9-F89D05116B3F}.Release|Any CPU.ActiveCfg = Release|Any CPU
		{45E8FC23-3E8A-44B0-84A9-F89D05116B3F}.Release|Any CPU.Build.0 = Release|Any CPU
		{2735233C-CA3E-4068-8270-1AF9FA6BA6BB}.Debug|Any CPU.ActiveCfg = Debug|Any CPU
		{2735233C-CA3E-4068-8270-1AF9FA6BA6BB}.Debug|Any CPU.Build.0 = Debug|Any CPU
		{2735233C-CA3E-4068-8270-1AF9FA6BA6BB}.Release|Any CPU.ActiveCfg = Release|Any CPU
		{2735233C-CA3E-4068-8270-1AF9FA6BA6BB}.Release|Any CPU.Build.0 = Release|Any CPU
		{A8EC5894-73B4-4D5F-8715-7C05DE740D85}.Debug|Any CPU.ActiveCfg = Debug|Any CPU
		{A8EC5894-73B4-4D5F-8715-7C05DE740D85}.Debug|Any CPU.Build.0 = Debug|Any CPU
		{A8EC5894-73B4-4D5F-8715-7C05DE740D85}.Release|Any CPU.ActiveCfg = Release|Any CPU
		{A8EC5894-73B4-4D5F-8715-7C05DE740D85}.Release|Any CPU.Build.0 = Release|Any CPU
		{F700D3C4-A7A1-4A5B-9F50-CD0FF86CCC5C}.Debug|Any CPU.ActiveCfg = Debug|Any CPU
		{F700D3C4-A7A1-4A5B-9F50-CD0FF86CCC5C}.Debug|Any CPU.Build.0 = Debug|Any CPU
		{F700D3C4-A7A1-4A5B-9F50-CD0FF86CCC5C}.Release|Any CPU.ActiveCfg = Release|Any CPU
		{F700D3C4-A7A1-4A5B-9F50-CD0FF86CCC5C}.Release|Any CPU.Build.0 = Release|Any CPU
		{1A542197-52EF-45F6-B004-AD9399EA0DE1}.Debug|Any CPU.ActiveCfg = Debug|Any CPU
		{1A542197-52EF-45F6-B004-AD9399EA0DE1}.Debug|Any CPU.Build.0 = Debug|Any CPU
		{1A542197-52EF-45F6-B004-AD9399EA0DE1}.Release|Any CPU.ActiveCfg = Release|Any CPU
		{1A542197-52EF-45F6-B004-AD9399EA0DE1}.Release|Any CPU.Build.0 = Release|Any CPU
		{DFFF0114-4C8E-49BF-B20B-8DCCD8D45E8B}.Debug|Any CPU.ActiveCfg = Debug|Any CPU
		{DFFF0114-4C8E-49BF-B20B-8DCCD8D45E8B}.Debug|Any CPU.Build.0 = Debug|Any CPU
		{DFFF0114-4C8E-49BF-B20B-8DCCD8D45E8B}.Release|Any CPU.ActiveCfg = Release|Any CPU
		{DFFF0114-4C8E-49BF-B20B-8DCCD8D45E8B}.Release|Any CPU.Build.0 = Release|Any CPU
		{4A7B450E-96C5-4755-9157-CE25DE230608}.Debug|Any CPU.ActiveCfg = Debug|Any CPU
		{4A7B450E-96C5-4755-9157-CE25DE230608}.Debug|Any CPU.Build.0 = Debug|Any CPU
		{4A7B450E-96C5-4755-9157-CE25DE230608}.Release|Any CPU.ActiveCfg = Release|Any CPU
		{4A7B450E-96C5-4755-9157-CE25DE230608}.Release|Any CPU.Build.0 = Release|Any CPU
		{8EBD73BB-8A15-407C-A244-ED20E86331C2}.Debug|Any CPU.ActiveCfg = Debug|Any CPU
		{8EBD73BB-8A15-407C-A244-ED20E86331C2}.Debug|Any CPU.Build.0 = Debug|Any CPU
		{8EBD73BB-8A15-407C-A244-ED20E86331C2}.Release|Any CPU.ActiveCfg = Release|Any CPU
		{8EBD73BB-8A15-407C-A244-ED20E86331C2}.Release|Any CPU.Build.0 = Release|Any CPU
		{A18AFE44-8B3C-4F32-8075-D94F91C7C72E}.Debug|Any CPU.ActiveCfg = Debug|Any CPU
		{A18AFE44-8B3C-4F32-8075-D94F91C7C72E}.Debug|Any CPU.Build.0 = Debug|Any CPU
		{A18AFE44-8B3C-4F32-8075-D94F91C7C72E}.Release|Any CPU.ActiveCfg = Release|Any CPU
		{A18AFE44-8B3C-4F32-8075-D94F91C7C72E}.Release|Any CPU.Build.0 = Release|Any CPU
		{A0BF444A-3E53-4D39-A8ED-75BC52EE853C}.Debug|Any CPU.ActiveCfg = Debug|Any CPU
		{A0BF444A-3E53-4D39-A8ED-75BC52EE853C}.Debug|Any CPU.Build.0 = Debug|Any CPU
		{A0BF444A-3E53-4D39-A8ED-75BC52EE853C}.Release|Any CPU.ActiveCfg = Release|Any CPU
		{A0BF444A-3E53-4D39-A8ED-75BC52EE853C}.Release|Any CPU.Build.0 = Release|Any CPU
		{1F13485B-73CC-489A-9F5C-ECC2BED65E1A}.Debug|Any CPU.ActiveCfg = Debug|Any CPU
		{1F13485B-73CC-489A-9F5C-ECC2BED65E1A}.Debug|Any CPU.Build.0 = Debug|Any CPU
		{1F13485B-73CC-489A-9F5C-ECC2BED65E1A}.Release|Any CPU.ActiveCfg = Release|Any CPU
		{1F13485B-73CC-489A-9F5C-ECC2BED65E1A}.Release|Any CPU.Build.0 = Release|Any CPU
		{03A92AC5-8834-4919-B510-9241E48EFFBA}.Debug|Any CPU.ActiveCfg = Debug|Any CPU
		{03A92AC5-8834-4919-B510-9241E48EFFBA}.Debug|Any CPU.Build.0 = Debug|Any CPU
		{03A92AC5-8834-4919-B510-9241E48EFFBA}.Release|Any CPU.ActiveCfg = Release|Any CPU
		{03A92AC5-8834-4919-B510-9241E48EFFBA}.Release|Any CPU.Build.0 = Release|Any CPU
		{BDD71709-114B-40EB-8660-8EE65B822AE5}.Debug|Any CPU.ActiveCfg = Debug|Any CPU
		{BDD71709-114B-40EB-8660-8EE65B822AE5}.Debug|Any CPU.Build.0 = Debug|Any CPU
		{BDD71709-114B-40EB-8660-8EE65B822AE5}.Release|Any CPU.ActiveCfg = Release|Any CPU
		{BDD71709-114B-40EB-8660-8EE65B822AE5}.Release|Any CPU.Build.0 = Release|Any CPU
		{315CCE41-35F9-4C2A-96AE-463F47B2DE83}.Debug|Any CPU.ActiveCfg = Debug|Any CPU
		{315CCE41-35F9-4C2A-96AE-463F47B2DE83}.Debug|Any CPU.Build.0 = Debug|Any CPU
		{315CCE41-35F9-4C2A-96AE-463F47B2DE83}.Release|Any CPU.ActiveCfg = Release|Any CPU
		{315CCE41-35F9-4C2A-96AE-463F47B2DE83}.Release|Any CPU.Build.0 = Release|Any CPU
		{73FDF426-A7D5-44B8-B7ED-467753164B28}.Debug|Any CPU.ActiveCfg = Debug|Any CPU
		{73FDF426-A7D5-44B8-B7ED-467753164B28}.Debug|Any CPU.Build.0 = Debug|Any CPU
		{73FDF426-A7D5-44B8-B7ED-467753164B28}.Release|Any CPU.ActiveCfg = Release|Any CPU
		{73FDF426-A7D5-44B8-B7ED-467753164B28}.Release|Any CPU.Build.0 = Release|Any CPU
		{F9773967-32AC-461D-BBA2-80817E6318AA}.Debug|Any CPU.ActiveCfg = Debug|Any CPU
		{F9773967-32AC-461D-BBA2-80817E6318AA}.Debug|Any CPU.Build.0 = Debug|Any CPU
		{F9773967-32AC-461D-BBA2-80817E6318AA}.Release|Any CPU.ActiveCfg = Release|Any CPU
		{F9773967-32AC-461D-BBA2-80817E6318AA}.Release|Any CPU.Build.0 = Release|Any CPU
		{A35D98E1-C5A3-40EC-8132-96CA728BB599}.Debug|Any CPU.ActiveCfg = Debug|Any CPU
		{A35D98E1-C5A3-40EC-8132-96CA728BB599}.Debug|Any CPU.Build.0 = Debug|Any CPU
		{A35D98E1-C5A3-40EC-8132-96CA728BB599}.Release|Any CPU.ActiveCfg = Release|Any CPU
		{A35D98E1-C5A3-40EC-8132-96CA728BB599}.Release|Any CPU.Build.0 = Release|Any CPU
		{53896DFC-6852-49C0-BE82-B7F94EDF0E6F}.Debug|Any CPU.ActiveCfg = Debug|Any CPU
		{53896DFC-6852-49C0-BE82-B7F94EDF0E6F}.Debug|Any CPU.Build.0 = Debug|Any CPU
		{53896DFC-6852-49C0-BE82-B7F94EDF0E6F}.Release|Any CPU.ActiveCfg = Release|Any CPU
		{53896DFC-6852-49C0-BE82-B7F94EDF0E6F}.Release|Any CPU.Build.0 = Release|Any CPU
	EndGlobalSection
	GlobalSection(SolutionProperties) = preSolution
		HideSolutionNode = FALSE
	EndGlobalSection
	GlobalSection(ExtensibilityGlobals) = postSolution
		SolutionGuid = {173A9F0F-DF70-4324-B04C-05B23AB4C9B9}
	EndGlobalSection
EndGlobal
